
Microsoft Visual Studio Solution File, Format Version 12.00
# Visual Studio 15
VisualStudioVersion = 15.0.28307.489
MinimumVisualStudioVersion = 10.0.40219.1
Project("{FAE04EC0-301F-11D3-BF4B-00C04F79EFBC}") = "ContosoUniversity", "ContosoUniversity\ContosoUniversity.csproj", "{6DD99E29-199E-4BC0-8697-38194AA1EE1C}"
EndProject
Global
	GlobalSection(SolutionConfigurationPlatforms) = preSolution
		Debug|Any CPU = Debug|Any CPU
		Release|Any CPU = Release|Any CPU
	EndGlobalSection
	GlobalSection(ProjectConfigurationPlatforms) = postSolution
		{6DD99E29-199E-4BC0-8697-38194AA1EE1C}.Debug|Any CPU.ActiveCfg = Debug|Any CPU
		{6DD99E29-199E-4BC0-8697-38194AA1EE1C}.Debug|Any CPU.Build.0 = Debug|Any CPU
		{6DD99E29-199E-4BC0-8697-38194AA1EE1C}.Release|Any CPU.ActiveCfg = Release|Any CPU
		{6DD99E29-199E-4BC0-8697-38194AA1EE1C}.Release|Any CPU.Build.0 = Release|Any CPU
	EndGlobalSection
	GlobalSection(SolutionProperties) = preSolution
		HideSolutionNode = FALSE
	EndGlobalSection
	GlobalSection(ExtensibilityGlobals) = postSolution
		SolutionGuid = {F0116748-42CC-4908-BA70-A9924707D454}
	EndGlobalSection
EndGlobal
